{
  "name": "hidden-places",
  "version": "0.1.0",
  "lockfileVersion": 3,
  "requires": true,
  "packages": {
    "": {
      "name": "hidden-places",
      "version": "0.1.0",
      "dependencies": {
        "dotted-map": "^2.2.3"
      }
    },
    "node_modules/@turf/boolean-point-in-polygon": {
      "version": "6.5.0",
      "resolved": "https://registry.npmjs.org/@turf/boolean-point-in-polygon/-/boolean-point-in-polygon-6.5.0.tgz",
      "integrity": "sha512-DtSuVFB26SI+hj0SjrvXowGTUCHlgevPAIsukssW6BG5MlNSBQAo70wpICBNJL6RjukXg8d2eXaAWuD/CqL00A==",
      "license": "MIT",
      "dependencies": {
        "@turf/helpers": "^6.5.0",
        "@turf/invariant": "^6.5.0"
      },
      "funding": {
        "url": "https://opencollective.com/turf"
      }
    },
    "node_modules/@turf/helpers": {
      "version": "6.5.0",
      "resolved": "https://registry.npmjs.org/@turf/helpers/-/helpers-6.5.0.tgz",
      "integrity": "sha512-VbI1dV5bLFzohYYdgqwikdMVpe7pJ9X3E+dlr425wa2/sMJqYDhTO++ec38/pcPvPE6oD9WEEeU3Xu3gza+VPw==",
      "license": "MIT",
      "funding": {
        "url": "https://opencollective.com/turf"
      }
    },
    "node_modules/@turf/invariant": {
      "version": "6.5.0",
      "resolved": "https://registry.npmjs.org/@turf/invariant/-/invariant-6.5.0.tgz",
      "integrity": "sha512-Wv8PRNCtPD31UVbdJE/KVAWKe7l6US+lJItRR/HOEW3eh+U/JwRCSUl/KZ7bmjM/C+zLNoreM2TU6OoLACs4eg==",
      "license": "MIT",
      "dependencies": {
        "@turf/helpers": "^6.5.0"
      },
      "funding": {
        "url": "https://opencollective.com/turf"
      }
    },
    "node_modules/dotted-map": {
      "version": "2.2.3",
      "resolved": "https://registry.npmjs.org/dotted-map/-/dotted-map-2.2.3.tgz",
      "integrity": "sha512-8hyOOHHLLVCcCisM3yb9hqp+3bJ7TSMcr1SfrUw8Wxp5UMqih35jIvUyagweCooJbz/EH1nC9GGuPysh7+YlAg==",
      "license": "MIT",
      "dependencies": {
        "@turf/boolean-point-in-polygon": "^6.0.1",
        "proj4": "^2.6.1"
      }
    },
    "node_modules/geographiclib-geodesic": {
      "version": "2.1.1",
      "resolved": "https://registry.npmjs.org/geographiclib-geodesic/-/geographiclib-geodesic-2.1.1.tgz",
      "integrity": "sha512-lkd8EUkPSByobWu9BPMHTdYA5AUZxOa8McmUNtBE9KrvUJEvSADnN6gTDmhXbi6NzdA16LtWLpSxLE/lIIRhyA==",
      "license": "MIT"
    },
    "node_modules/mgrs": {
      "version": "1.0.0",
      "resolved": "https://registry.npmjs.org/mgrs/-/mgrs-1.0.0.tgz",
      "integrity": "sha512-awNbTOqCxK1DBGjalK3xqWIstBZgN6fxsMSiXLs9/spqWkF2pAhb2rrYCFSsr1/tT7PhcDGjZndG8SWYn0byYA==",
      "license": "MIT"
    },
    "node_modules/proj4": {
      "version": "2.17.0",
      "resolved": "https://registry.npmjs.org/proj4/-/proj4-2.17.0.tgz",
      "integrity": "sha512-BqVoruVAOUgkw5U9Ns76+E2nHZG0Y42tbkC+0BpyqjhwPIai29hoivyQoyelEKFSfaV3zkR3NqPRD0EwPM4Wug==",
      "license": "MIT",
      "dependencies": {
        "geographiclib-geodesic": "^2.1.1",
        "mgrs": "1.0.0",
        "wkt-parser": "^1.5.1"
      }
    },
    "node_modules/wkt-parser": {
      "version": "1.5.2",
      "resolved": "https://registry.npmjs.org/wkt-parser/-/wkt-parser-1.5.2.tgz",
      "integrity": "sha512-1ZUiV1FTwSiSrgWzV9KXJuOF2BVW91KY/mau04BhnmgOdroRQea7Q0s5TVqwGLm0D2tZwObd/tBYXW49sSxp3Q==",
      "license": "MIT"
    }
  }
}
